
Microsoft Visual Studio Solution File, Format Version 12.00
# Visual Studio Version 16
VisualStudioVersion = 16.0.29905.134
MinimumVisualStudioVersion = 10.0.40219.1
Project("{FAE04EC0-301F-11D3-BF4B-00C04F79EFBC}") = "CellCms.Api", "src\CellCms.Api\CellCms.Api.csproj", "{7AF2B023-0855-43F0-8A55-DD42D4E5FC4E}"
EndProject
Global
	GlobalSection(SolutionConfigurationPlatforms) = preSolution
		Debug|Any CPU = Debug|Any CPU
		Release|Any CPU = Release|Any CPU
	EndGlobalSection
	GlobalSection(ProjectConfigurationPlatforms) = postSolution
		{7AF2B023-0855-43F0-8A55-DD42D4E5FC4E}.Debug|Any CPU.ActiveCfg = Debug|Any CPU
		{7AF2B023-0855-43F0-8A55-DD42D4E5FC4E}.Debug|Any CPU.Build.0 = Debug|Any CPU
		{7AF2B023-0855-43F0-8A55-DD42D4E5FC4E}.Release|Any CPU.ActiveCfg = Release|Any CPU
		{7AF2B023-0855-43F0-8A55-DD42D4E5FC4E}.Release|Any CPU.Build.0 = Release|Any CPU
	EndGlobalSection
	GlobalSection(SolutionProperties) = preSolution
		HideSolutionNode = FALSE
	EndGlobalSection
	GlobalSection(ExtensibilityGlobals) = postSolution
		SolutionGuid = {73978819-853E-4FDE-A6F6-7C4A900A6471}
	EndGlobalSection
EndGlobal
